hash: ef99c0b1d1144d2d1871fb255e425fd7aa7d5a3382111ba2087ed4dd9f171183
updated: 2018-08-24T11:14:20.233340191-04:00
imports:
- name: github.com/Azure/go-ansiterm
  version: d6e3b3328b783f23731bc4d058875b0371ff8109
  subpackages:
  - winterm
- name: github.com/containerd/continuity
  version: c7c5070e6f6e090ab93b0a61eb921f2196fc3383
  subpackages:
  - pathdriver
- name: github.com/docker/docker
  version: 0d9d86107d1664d351aab6f593fdc083b4f2175b
  subpackages:
  - api/types
  - api/types/blkiodev
  - api/types/container
  - api/types/filters
  - api/types/mount
  - api/types/network
  - api/types/registry
  - api/types/strslice
  - api/types/swarm
  - api/types/swarm/runtime
  - api/types/versions
  - errdefs
  - opts
  - pkg/archive
  - pkg/fileutils
  - pkg/homedir
  - pkg/idtools
  - pkg/ioutils
  - pkg/longpath
  - pkg/mount
  - pkg/pools
  - pkg/stdcopy
  - pkg/system
- name: github.com/docker/go-connections
  version: 97c2040d34dfae1d1b1275fa3a78dbdd2f41cf7e
  subpackages:
  - nat
- name: github.com/docker/go-units
  version: 47565b4f722fb6ceae66b95f853feed578a4a51c
- name: github.com/docker/libnetwork
  version: 9decd25f5438a4e696dd9b6546ff03e970158bae
  subpackages:
  - ipamutils
- name: github.com/fsouza/go-dockerclient
  version: 9a621fe53e5e61d9d6127feecf62c112f3266906
  subpackages:
  - internal/archive
  - internal/jsonmessage
  - internal/term
- name: github.com/gogo/protobuf
  version: 98f6aa8b3bcf03e45b1a8b48257c754766d5c3c8
  subpackages:
  - proto
- name: github.com/golang/glog
  version: 23def4e6c14b4da8ac2ed8007337bc5eb5007998
- name: github.com/Microsoft/go-winio
  version: 97e4973ce50b2ff5f09635a57e2b88a037aae829
- name: github.com/moby/buildkit
  version: f71f4b63a218fcd66fa4d2dbdf3f2bd0db78eb74
  subpackages:
  - frontend/dockerfile/command
  - frontend/dockerfile/parser
- name: github.com/Nvveen/Gotty
  version: cd527374f1e5bff4938207604a14f2e38a9cf512
- name: github.com/opencontainers/go-digest
  version: c9281466c8b2f606084ac71339773efd177436e7
- name: github.com/opencontainers/image-spec
  version: e562b04403929d582d449ae5386ff79dd7961a11
  subpackages:
  - specs-go
  - specs-go/v1
- name: github.com/opencontainers/runc
  version: 459bfaec1fc6c17d8bfb12d0a0f69e7e7271ed2a
  subpackages:
  - libcontainer/system
  - libcontainer/user
- name: github.com/pkg/errors
  version: 816c9085562cd7ee03e7f8188a1cfd942858cded
- name: github.com/sirupsen/logrus
  version: fc587f31c804fe6853cd90f0d8d90af588eca5bd
- name: golang.org/x/crypto
  version: 614d502a4dac94afa3a6ce146bd1736da82514c6
  subpackages:
  - ssh/terminal
- name: golang.org/x/sys
  version: 4910a1d54f876d7b22162a85f4d066d3ee649450
  subpackages:
  - unix
  - windows
testImports: []
